
Microsoft Visual Studio Solution File, Format Version 12.00
# Visual Studio Version 17
VisualStudioVersion = 17.0.32112.339
MinimumVisualStudioVersion = 10.0.40219.1
Project("{FAE04EC0-301F-11D3-BF4B-00C04F79EFBC}") = "BookClass", "BookClass\BookClass.csproj", "{A51E3C85-211E-46F3-882C-E18A93B0CA01}"
EndProject
Global
	GlobalSection(SolutionConfigurationPlatforms) = preSolution
		Debug|Any CPU = Debug|Any CPU
		Release|Any CPU = Release|Any CPU
	EndGlobalSection
	GlobalSection(ProjectConfigurationPlatforms) = postSolution
		{A51E3C85-211E-46F3-882C-E18A93B0CA01}.Debug|Any CPU.ActiveCfg = Debug|Any CPU
		{A51E3C85-211E-46F3-882C-E18A93B0CA01}.Debug|Any CPU.Build.0 = Debug|Any CPU
		{A51E3C85-211E-46F3-882C-E18A93B0CA01}.Release|Any CPU.ActiveCfg = Release|Any CPU
		{A51E3C85-211E-46F3-882C-E18A93B0CA01}.Release|Any CPU.Build.0 = Release|Any CPU
	EndGlobalSection
	GlobalSection(SolutionProperties) = preSolution
		HideSolutionNode = FALSE
	EndGlobalSection
	GlobalSection(ExtensibilityGlobals) = postSolution
		SolutionGuid = {00C93488-3F69-4272-B30C-93CCB5E093AF}
	EndGlobalSection
EndGlobal
